
Microsoft Visual Studio Solution File, Format Version 12.00
# Visual Studio Version 17
VisualStudioVersion = 17.1.32228.430
MinimumVisualStudioVersion = 10.0.40219.1
Project("{FAE04EC0-301F-11D3-BF4B-00C04F79EFBC}") = "GoogleAuthenticator", "GoogleAuthenticator\GoogleAuthenticator.csproj", "{091D2F0D-8B78-4965-9242-B0382F993CD0}"
EndProject
Global
	GlobalSection(SolutionConfigurationPlatforms) = preSolution
		Debug|Any CPU = Debug|Any CPU
		Release|Any CPU = Release|Any CPU
	EndGlobalSection
	GlobalSection(ProjectConfigurationPlatforms) = postSolution
		{091D2F0D-8B78-4965-9242-B0382F993CD0}.Debug|Any CPU.ActiveCfg = Debug|Any CPU
		{091D2F0D-8B78-4965-9242-B0382F993CD0}.Debug|Any CPU.Build.0 = Debug|Any CPU
		{091D2F0D-8B78-4965-9242-B0382F993CD0}.Release|Any CPU.ActiveCfg = Release|Any CPU
		{091D2F0D-8B78-4965-9242-B0382F993CD0}.Release|Any CPU.Build.0 = Release|Any CPU
	EndGlobalSection
	GlobalSection(SolutionProperties) = preSolution
		HideSolutionNode = FALSE
	EndGlobalSection
	GlobalSection(ExtensibilityGlobals) = postSolution
		SolutionGuid = {02705981-E8E9-443C-A8B5-8CF448679398}
	EndGlobalSection
EndGlobal
